
Microsoft Visual Studio Solution File, Format Version 12.00
# Visual Studio 15
VisualStudioVersion = 15.0.28307.757
MinimumVisualStudioVersion = 10.0.40219.1
Project("{FAE04EC0-301F-11D3-BF4B-00C04F79EFBC}") = "Baralho.Api", "Baralho.Api\Baralho.Api.csproj", "{D583362B-75B5-405B-BCF3-E3B49F148B75}"
EndProject
Global
	GlobalSection(SolutionConfigurationPlatforms) = preSolution
		Debug|Any CPU = Debug|Any CPU
		Release|Any CPU = Release|Any CPU
	EndGlobalSection
	GlobalSection(ProjectConfigurationPlatforms) = postSolution
		{D583362B-75B5-405B-BCF3-E3B49F148B75}.Debug|Any CPU.ActiveCfg = Debug|Any CPU
		{D583362B-75B5-405B-BCF3-E3B49F148B75}.Debug|Any CPU.Build.0 = Debug|Any CPU
		{D583362B-75B5-405B-BCF3-E3B49F148B75}.Release|Any CPU.ActiveCfg = Release|Any CPU
		{D583362B-75B5-405B-BCF3-E3B49F148B75}.Release|Any CPU.Build.0 = Release|Any CPU
	EndGlobalSection
	GlobalSection(SolutionProperties) = preSolution
		HideSolutionNode = FALSE
	EndGlobalSection
	GlobalSection(ExtensibilityGlobals) = postSolution
		SolutionGuid = {FF806288-F396-485E-A25F-FDEBDAA9ED5D}
	EndGlobalSection
EndGlobal
